
Microsoft Visual Studio Solution File, Format Version 12.00
# Visual Studio 15
VisualStudioVersion = 15.0.28010.2046
MinimumVisualStudioVersion = 10.0.40219.1
Project("{FAE04EC0-301F-11D3-BF4B-00C04F79EFBC}") = "Wishlist", "Whishlist\Wishlist.csproj", "{CE0180BD-B5D2-4880-A3AE-2AA05797AAA2}"
EndProject
Global
	GlobalSection(SolutionConfigurationPlatforms) = preSolution
		Debug|Any CPU = Debug|Any CPU
		Release|Any CPU = Release|Any CPU
	EndGlobalSection
	GlobalSection(ProjectConfigurationPlatforms) = postSolution
		{CE0180BD-B5D2-4880-A3AE-2AA05797AAA2}.Debug|Any CPU.ActiveCfg = Debug|Any CPU
		{CE0180BD-B5D2-4880-A3AE-2AA05797AAA2}.Debug|Any CPU.Build.0 = Debug|Any CPU
		{CE0180BD-B5D2-4880-A3AE-2AA05797AAA2}.Release|Any CPU.ActiveCfg = Release|Any CPU
		{CE0180BD-B5D2-4880-A3AE-2AA05797AAA2}.Release|Any CPU.Build.0 = Release|Any CPU
	EndGlobalSection
	GlobalSection(SolutionProperties) = preSolution
		HideSolutionNode = FALSE
	EndGlobalSection
	GlobalSection(ExtensibilityGlobals) = postSolution
		SolutionGuid = {4139E90F-E757-420C-B1C0-E7F985DA2EC9}
	EndGlobalSection
EndGlobal
